
Microsoft Visual Studio Solution File, Format Version 12.00
# Visual Studio Version 17
VisualStudioVersion = 17.1.32421.90
MinimumVisualStudioVersion = 10.0.40219.1
Project("{FAE04EC0-301F-11D3-BF4B-00C04F79EFBC}") = "LineCondenser.WPF", "LineCondenser.WPF\LineCondenser.WPF.csproj", "{4600C7B4-8B6A-4D97-8195-88EA8DA1216D}"
EndProject
Project("{FAE04EC0-301F-11D3-BF4B-00C04F79EFBC}") = "LineCondenser.ViewModel", "LineCondenser.ViewModel\LineCondenser.ViewModel.csproj", "{ECD732A9-9236-46BA-B82C-88170E03DC82}"
EndProject
Global
	GlobalSection(SolutionConfigurationPlatforms) = preSolution
		Debug|Any CPU = Debug|Any CPU
		Release|Any CPU = Release|Any CPU
	EndGlobalSection
	GlobalSection(ProjectConfigurationPlatforms) = postSolution
		{4600C7B4-8B6A-4D97-8195-88EA8DA1216D}.Debug|Any CPU.ActiveCfg = Debug|Any CPU
		{4600C7B4-8B6A-4D97-8195-88EA8DA1216D}.Debug|Any CPU.Build.0 = Debug|Any CPU
		{4600C7B4-8B6A-4D97-8195-88EA8DA1216D}.Release|Any CPU.ActiveCfg = Release|Any CPU
		{4600C7B4-8B6A-4D97-8195-88EA8DA1216D}.Release|Any CPU.Build.0 = Release|Any CPU
		{ECD732A9-9236-46BA-B82C-88170E03DC82}.Debug|Any CPU.ActiveCfg = Debug|Any CPU
		{ECD732A9-9236-46BA-B82C-88170E03DC82}.Debug|Any CPU.Build.0 = Debug|Any CPU
		{ECD732A9-9236-46BA-B82C-88170E03DC82}.Release|Any CPU.ActiveCfg = Release|Any CPU
		{ECD732A9-9236-46BA-B82C-88170E03DC82}.Release|Any CPU.Build.0 = Release|Any CPU
	EndGlobalSection
	GlobalSection(SolutionProperties) = preSolution
		HideSolutionNode = FALSE
	EndGlobalSection
	GlobalSection(ExtensibilityGlobals) = postSolution
		SolutionGuid = {58F076C2-EC8F-40B7-8DD9-A56F49F15493}
	EndGlobalSection
EndGlobal
